
Microsoft Visual Studio Solution File, Format Version 12.00
# Visual Studio Version 17
VisualStudioVersion = 17.4.32828.60
MinimumVisualStudioVersion = 10.0.40219.1
Project("{2150E333-8FDC-42A3-9474-1A3956D46DE8}") = "src", "src", "{4D043F42-F942-4CD8-AD50-99755F44DCCE}"
EndProject
Project("{9A19103F-16F7-4668-BE54-9A1E7A4F7556}") = "MSHack2022.Analyzers", "src\Analyzers\MSHack2022.Analyzers.csproj", "{92027465-E79E-4AAE-8926-7AAEC53D371B}"
EndProject
Project("{9A19103F-16F7-4668-BE54-9A1E7A4F7556}") = "MSHack2022.Codefixers", "src\Codefixers\MSHack2022.Codefixers.csproj", "{7B0E2EE5-B0AB-4186-B3D2-7B6C29237D49}"
EndProject
Project("{9A19103F-16F7-4668-BE54-9A1E7A4F7556}") = "MSHack2022.Package", "src\Package\MSHack2022.Package.csproj", "{84A98762-6D93-44B8-B02D-9CA94763453D}"
EndProject
Project("{2150E333-8FDC-42A3-9474-1A3956D46DE8}") = "samples", "samples", "{73E56F0C-E6DE-4162-8610-5CD6ACB21958}"
EndProject
Project("{9A19103F-16F7-4668-BE54-9A1E7A4F7556}") = "WebSample", "samples\WebSample\WebSample.csproj", "{CC1176B2-0644-4013-82DA-37A6B8DA0CE8}"
EndProject
Project("{9A19103F-16F7-4668-BE54-9A1E7A4F7556}") = "MSHack2022.Tests", "tests\MSHack2022.Tests.csproj", "{D4B5340C-DB22-4D93-A631-C265583E0261}"
EndProject
Project("{9A19103F-16F7-4668-BE54-9A1E7A4F7556}") = "BlazorSample", "samples\BlazorSample\BlazorSample.csproj", "{63BD1A26-29ED-48AF-A646-06F9D74DD13F}"
EndProject
Project("{9A19103F-16F7-4668-BE54-9A1E7A4F7556}") = "MSHack2022.Vsix", "src\Vsix\MSHack2022.Vsix.csproj", "{7BB3B46B-7984-4755-8BBB-591FCADADFD0}"
EndProject
Global
	GlobalSection(SolutionConfigurationPlatforms) = preSolution
		Debug|Any CPU = Debug|Any CPU
		Release|Any CPU = Release|Any CPU
	EndGlobalSection
	GlobalSection(ProjectConfigurationPlatforms) = postSolution
		{92027465-E79E-4AAE-8926-7AAEC53D371B}.Debug|Any CPU.ActiveCfg = Debug|Any CPU
		{92027465-E79E-4AAE-8926-7AAEC53D371B}.Debug|Any CPU.Build.0 = Debug|Any CPU
		{92027465-E79E-4AAE-8926-7AAEC53D371B}.Release|Any CPU.ActiveCfg = Release|Any CPU
		{92027465-E79E-4AAE-8926-7AAEC53D371B}.Release|Any CPU.Build.0 = Release|Any CPU
		{7B0E2EE5-B0AB-4186-B3D2-7B6C29237D49}.Debug|Any CPU.ActiveCfg = Debug|Any CPU
		{7B0E2EE5-B0AB-4186-B3D2-7B6C29237D49}.Debug|Any CPU.Build.0 = Debug|Any CPU
		{7B0E2EE5-B0AB-4186-B3D2-7B6C29237D49}.Release|Any CPU.ActiveCfg = Release|Any CPU
		{7B0E2EE5-B0AB-4186-B3D2-7B6C29237D49}.Release|Any CPU.Build.0 = Release|Any CPU
		{84A98762-6D93-44B8-B02D-9CA94763453D}.Debug|Any CPU.ActiveCfg = Debug|Any CPU
		{84A98762-6D93-44B8-B02D-9CA94763453D}.Debug|Any CPU.Build.0 = Debug|Any CPU
		{84A98762-6D93-44B8-B02D-9CA94763453D}.Release|Any CPU.ActiveCfg = Release|Any CPU
		{84A98762-6D93-44B8-B02D-9CA94763453D}.Release|Any CPU.Build.0 = Release|Any CPU
		{CC1176B2-0644-4013-82DA-37A6B8DA0CE8}.Debug|Any CPU.ActiveCfg = Debug|Any CPU
		{CC1176B2-0644-4013-82DA-37A6B8DA0CE8}.Debug|Any CPU.Build.0 = Debug|Any CPU
		{CC1176B2-0644-4013-82DA-37A6B8DA0CE8}.Release|Any CPU.ActiveCfg = Release|Any CPU
		{CC1176B2-0644-4013-82DA-37A6B8DA0CE8}.Release|Any CPU.Build.0 = Release|Any CPU
		{D4B5340C-DB22-4D93-A631-C265583E0261}.Debug|Any CPU.ActiveCfg = Debug|Any CPU
		{D4B5340C-DB22-4D93-A631-C265583E0261}.Debug|Any CPU.Build.0 = Debug|Any CPU
		{D4B5340C-DB22-4D93-A631-C265583E0261}.Release|Any CPU.ActiveCfg = Release|Any CPU
		{D4B5340C-DB22-4D93-A631-C265583E0261}.Release|Any CPU.Build.0 = Release|Any CPU
		{63BD1A26-29ED-48AF-A646-06F9D74DD13F}.Debug|Any CPU.ActiveCfg = Debug|Any CPU
		{63BD1A26-29ED-48AF-A646-06F9D74DD13F}.Debug|Any CPU.Build.0 = Debug|Any CPU
		{63BD1A26-29ED-48AF-A646-06F9D74DD13F}.Release|Any CPU.ActiveCfg = Release|Any CPU
		{63BD1A26-29ED-48AF-A646-06F9D74DD13F}.Release|Any CPU.Build.0 = Release|Any CPU
		{7BB3B46B-7984-4755-8BBB-591FCADADFD0}.Debug|Any CPU.ActiveCfg = Debug|Any CPU
		{7BB3B46B-7984-4755-8BBB-591FCADADFD0}.Debug|Any CPU.Build.0 = Debug|Any CPU
		{7BB3B46B-7984-4755-8BBB-591FCADADFD0}.Release|Any CPU.ActiveCfg = Release|Any CPU
		{7BB3B46B-7984-4755-8BBB-591FCADADFD0}.Release|Any CPU.Build.0 = Release|Any CPU
	EndGlobalSection
	GlobalSection(SolutionProperties) = preSolution
		HideSolutionNode = FALSE
	EndGlobalSection
	GlobalSection(NestedProjects) = preSolution
		{92027465-E79E-4AAE-8926-7AAEC53D371B} = {4D043F42-F942-4CD8-AD50-99755F44DCCE}
		{7B0E2EE5-B0AB-4186-B3D2-7B6C29237D49} = {4D043F42-F942-4CD8-AD50-99755F44DCCE}
		{84A98762-6D93-44B8-B02D-9CA94763453D} = {4D043F42-F942-4CD8-AD50-99755F44DCCE}
		{CC1176B2-0644-4013-82DA-37A6B8DA0CE8} = {73E56F0C-E6DE-4162-8610-5CD6ACB21958}
		{63BD1A26-29ED-48AF-A646-06F9D74DD13F} = {73E56F0C-E6DE-4162-8610-5CD6ACB21958}
		{7BB3B46B-7984-4755-8BBB-591FCADADFD0} = {4D043F42-F942-4CD8-AD50-99755F44DCCE}
	EndGlobalSection
	GlobalSection(ExtensibilityGlobals) = postSolution
		SolutionGuid = {B03A45E7-049F-4BEA-A98F-5F3E9A572036}
	EndGlobalSection
EndGlobal
